
Microsoft Visual Studio Solution File, Format Version 12.00
# Visual Studio Version 17
VisualStudioVersion = 17.12.35707.178
MinimumVisualStudioVersion = 10.0.40219.1
Project("{FAE04EC0-301F-11D3-BF4B-00C04F79EFBC}") = "UserPage", "UserPage\UserPage.csproj", "{0F223AC7-6EDC-4301-A04A-9DD858256E7F}"
EndProject
Project("{FAE04EC0-301F-11D3-BF4B-00C04F79EFBC}") = "CoinGeckoAPI", "C:\Users\9gbab\Downloads\CyptoSearchTool\CyptoSearchTool\CoinGeckoAPI\CoinGeckoAPI.csproj", "{B8FC9301-87C0-4D29-A1C2-E5D518A88751}"
EndProject
Global
	GlobalSection(SolutionConfigurationPlatforms) = preSolution
		Debug|Any CPU = Debug|Any CPU
		Release|Any CPU = Release|Any CPU
	EndGlobalSection
	GlobalSection(ProjectConfigurationPlatforms) = postSolution
		{0F223AC7-6EDC-4301-A04A-9DD858256E7F}.Debug|Any CPU.ActiveCfg = Debug|Any CPU
		{0F223AC7-6EDC-4301-A04A-9DD858256E7F}.Debug|Any CPU.Build.0 = Debug|Any CPU
		{0F223AC7-6EDC-4301-A04A-9DD858256E7F}.Release|Any CPU.ActiveCfg = Release|Any CPU
		{0F223AC7-6EDC-4301-A04A-9DD858256E7F}.Release|Any CPU.Build.0 = Release|Any CPU
		{B8FC9301-87C0-4D29-A1C2-E5D518A88751}.Debug|Any CPU.ActiveCfg = Debug|Any CPU
		{B8FC9301-87C0-4D29-A1C2-E5D518A88751}.Debug|Any CPU.Build.0 = Debug|Any CPU
		{B8FC9301-87C0-4D29-A1C2-E5D518A88751}.Release|Any CPU.ActiveCfg = Release|Any CPU
		{B8FC9301-87C0-4D29-A1C2-E5D518A88751}.Release|Any CPU.Build.0 = Release|Any CPU
	EndGlobalSection
	GlobalSection(SolutionProperties) = preSolution
		HideSolutionNode = FALSE
	EndGlobalSection
EndGlobal
